
Microsoft Visual Studio Solution File, Format Version 12.00
# Visual Studio 14
VisualStudioVersion = 14.0.25123.0
MinimumVisualStudioVersion = 10.0.40219.1
Project("{FAE04EC0-301F-11D3-BF4B-00C04F79EFBC}") = "XForms.Droid", "XForms\XForms.Droid\XForms.Droid.csproj", "{55E20894-3AC5-42A5-907A-E7A92EA0E846}"
EndProject
Project("{FAE04EC0-301F-11D3-BF4B-00C04F79EFBC}") = "XForms.iOS", "XForms\XForms.iOS\XForms.iOS.csproj", "{6D31E21E-B7BF-490C-ADDF-F76C5AC47DDA}"
EndProject
Project("{FAE04EC0-301F-11D3-BF4B-00C04F79EFBC}") = "XForms.WinPhone", "XForms\XForms.WinPhone\XForms.WinPhone.csproj", "{616D8667-3C95-43EE-BDC2-0C897E4D9589}"
EndProject
Project("{FAE04EC0-301F-11D3-BF4B-00C04F79EFBC}") = "XForms.UWP", "XForms\XForms.UWP\XForms.UWP.csproj", "{9D3725F9-3B8C-4F94-83C7-81F378AE9BDA}"
EndProject
Project("{FAE04EC0-301F-11D3-BF4B-00C04F79EFBC}") = "XForms.Windows", "XForms\XForms.Windows\XForms.Windows.csproj", "{E30CB0ED-850D-47B7-8A04-EED8E17E001E}"
EndProject
Project("{FAE04EC0-301F-11D3-BF4B-00C04F79EFBC}") = "XForms", "XForms\XForms\XForms.csproj", "{F25428BA-0FF6-4282-9BED-0659AF5C5718}"
EndProject
Project("{FAE04EC0-301F-11D3-BF4B-00C04F79EFBC}") = "Extensions", "Extensions\Extensions.csproj", "{67F9D3A8-F71E-4428-913F-C37AE82CDB24}"
EndProject
Global
	GlobalSection(SolutionConfigurationPlatforms) = preSolution
		Ad-Hoc|Any CPU = Ad-Hoc|Any CPU
		Ad-Hoc|ARM = Ad-Hoc|ARM
		Ad-Hoc|iPhone = Ad-Hoc|iPhone
		Ad-Hoc|iPhoneSimulator = Ad-Hoc|iPhoneSimulator
		Ad-Hoc|x64 = Ad-Hoc|x64
		Ad-Hoc|x86 = Ad-Hoc|x86
		AppStore|Any CPU = AppStore|Any CPU
		AppStore|ARM = AppStore|ARM
		AppStore|iPhone = AppStore|iPhone
		AppStore|iPhoneSimulator = AppStore|iPhoneSimulator
		AppStore|x64 = AppStore|x64
		AppStore|x86 = AppStore|x86
		Debug|Any CPU = Debug|Any CPU
		Debug|ARM = Debug|ARM
		Debug|iPhone = Debug|iPhone
		Debug|iPhoneSimulator = Debug|iPhoneSimulator
		Debug|x64 = Debug|x64
		Debug|x86 = Debug|x86
		Release|Any CPU = Release|Any CPU
		Release|ARM = Release|ARM
		Release|iPhone = Release|iPhone
		Release|iPhoneSimulator = Release|iPhoneSimulator
		Release|x64 = Release|x64
		Release|x86 = Release|x86
	EndGlobalSection
	GlobalSection(ProjectConfigurationPlatforms) = postSolution
		{55E20894-3AC5-42A5-907A-E7A92EA0E846}.Ad-Hoc|Any CPU.ActiveCfg = Release|Any CPU
		{55E20894-3AC5-42A5-907A-E7A92EA0E846}.Ad-Hoc|Any CPU.Build.0 = Release|Any CPU
		{55E20894-3AC5-42A5-907A-E7A92EA0E846}.Ad-Hoc|Any CPU.Deploy.0 = Release|Any CPU
		{55E20894-3AC5-42A5-907A-E7A92EA0E846}.Ad-Hoc|ARM.ActiveCfg = Release|Any CPU
		{55E20894-3AC5-42A5-907A-E7A92EA0E846}.Ad-Hoc|ARM.Build.0 = Release|Any CPU
		{55E20894-3AC5-42A5-907A-E7A92EA0E846}.Ad-Hoc|ARM.Deploy.0 = Release|Any CPU
		{55E20894-3AC5-42A5-907A-E7A92EA0E846}.Ad-Hoc|iPhone.ActiveCfg = Release|Any CPU
		{55E20894-3AC5-42A5-907A-E7A92EA0E846}.Ad-Hoc|iPhone.Build.0 = Release|Any CPU
		{55E20894-3AC5-42A5-907A-E7A92EA0E846}.Ad-Hoc|iPhone.Deploy.0 = Release|Any CPU
		{55E20894-3AC5-42A5-907A-E7A92EA0E846}.Ad-Hoc|iPhoneSimulator.ActiveCfg = Release|Any CPU
		{55E20894-3AC5-42A5-907A-E7A92EA0E846}.Ad-Hoc|iPhoneSimulator.Build.0 = Release|Any CPU
		{55E20894-3AC5-42A5-907A-E7A92EA0E846}.Ad-Hoc|iPhoneSimulator.Deploy.0 = Release|Any CPU
		{55E20894-3AC5-42A5-907A-E7A92EA0E846}.Ad-Hoc|x64.ActiveCfg = Release|Any CPU
		{55E20894-3AC5-42A5-907A-E7A92EA0E846}.Ad-Hoc|x64.Build.0 = Release|Any CPU
		{55E20894-3AC5-42A5-907A-E7A92EA0E846}.Ad-Hoc|x64.Deploy.0 = Release|Any CPU
		{55E20894-3AC5-42A5-907A-E7A92EA0E846}.Ad-Hoc|x86.ActiveCfg = Release|Any CPU
		{55E20894-3AC5-42A5-907A-E7A92EA0E846}.Ad-Hoc|x86.Build.0 = Release|Any CPU
		{55E20894-3AC5-42A5-907A-E7A92EA0E846}.Ad-Hoc|x86.Deploy.0 = Release|Any CPU
		{55E20894-3AC5-42A5-907A-E7A92EA0E846}.AppStore|Any CPU.ActiveCfg = Release|Any CPU
		{55E20894-3AC5-42A5-907A-E7A92EA0E846}.AppStore|Any CPU.Build.0 = Release|Any CPU
		{55E20894-3AC5-42A5-907A-E7A92EA0E846}.AppStore|Any CPU.Deploy.0 = Release|Any CPU
		{55E20894-3AC5-42A5-907A-E7A92EA0E846}.AppStore|ARM.ActiveCfg = Release|Any CPU
		{55E20894-3AC5-42A5-907A-E7A92EA0E846}.AppStore|ARM.Build.0 = Release|Any CPU
		{55E20894-3AC5-42A5-907A-E7A92EA0E846}.AppStore|ARM.Deploy.0 = Release|Any CPU
		{55E20894-3AC5-42A5-907A-E7A92EA0E846}.AppStore|iPhone.ActiveCfg = Release|Any CPU
		{55E20894-3AC5-42A5-907A-E7A92EA0E846}.AppStore|iPhone.Build.0 = Release|Any CPU
		{55E20894-3AC5-42A5-907A-E7A92EA0E846}.AppStore|iPhone.Deploy.0 = Release|Any CPU
		{55E20894-3AC5-42A5-907A-E7A92EA0E846}.AppStore|iPhoneSimulator.ActiveCfg = Release|Any CPU
		{55E20894-3AC5-42A5-907A-E7A92EA0E846}.AppStore|iPhoneSimulator.Build.0 = Release|Any CPU
		{55E20894-3AC5-42A5-907A-E7A92EA0E846}.AppStore|iPhoneSimulator.Deploy.0 = Release|Any CPU
		{55E20894-3AC5-42A5-907A-E7A92EA0E846}.AppStore|x64.ActiveCfg = Release|Any CPU
		{55E20894-3AC5-42A5-907A-E7A92EA0E846}.AppStore|x64.Build.0 = Release|Any CPU
		{55E20894-3AC5-42A5-907A-E7A92EA0E846}.AppStore|x64.Deploy.0 = Release|Any CPU
		{55E20894-3AC5-42A5-907A-E7A92EA0E846}.AppStore|x86.ActiveCfg = Release|Any CPU
		{55E20894-3AC5-42A5-907A-E7A92EA0E846}.AppStore|x86.Build.0 = Release|Any CPU
		{55E20894-3AC5-42A5-907A-E7A92EA0E846}.AppStore|x86.Deploy.0 = Release|Any CPU
		{55E20894-3AC5-42A5-907A-E7A92EA0E846}.Debug|Any CPU.ActiveCfg = Debug|Any CPU
		{55E20894-3AC5-42A5-907A-E7A92EA0E846}.Debug|Any CPU.Build.0 = Debug|Any CPU
		{55E20894-3AC5-42A5-907A-E7A92EA0E846}.Debug|Any CPU.Deploy.0 = Debug|Any CPU
		{55E20894-3AC5-42A5-907A-E7A92EA0E846}.Debug|ARM.ActiveCfg = Debug|Any CPU
		{55E20894-3AC5-42A5-907A-E7A92EA0E846}.Debug|ARM.Build.0 = Debug|Any CPU
		{55E20894-3AC5-42A5-907A-E7A92EA0E846}.Debug|ARM.Deploy.0 = Debug|Any CPU
		{55E20894-3AC5-42A5-907A-E7A92EA0E846}.Debug|iPhone.ActiveCfg = Debug|Any CPU
		{55E20894-3AC5-42A5-907A-E7A92EA0E846}.Debug|iPhone.Build.0 = Debug|Any CPU
		{55E20894-3AC5-42A5-907A-E7A92EA0E846}.Debug|iPhone.Deploy.0 = Debug|Any CPU
		{55E20894-3AC5-42A5-907A-E7A92EA0E846}.Debug|iPhoneSimulator.ActiveCfg = Debug|Any CPU
		{55E20894-3AC5-42A5-907A-E7A92EA0E846}.Debug|iPhoneSimulator.Build.0 = Debug|Any CPU
		{55E20894-3AC5-42A5-907A-E7A92EA0E846}.Debug|iPhoneSimulator.Deploy.0 = Debug|Any CPU
		{55E20894-3AC5-42A5-907A-E7A92EA0E846}.Debug|x64.ActiveCfg = Debug|Any CPU
		{55E20894-3AC5-42A5-907A-E7A92EA0E846}.Debug|x64.Build.0 = Debug|Any CPU
		{55E20894-3AC5-42A5-907A-E7A92EA0E846}.Debug|x64.Deploy.0 = Debug|Any CPU
		{55E20894-3AC5-42A5-907A-E7A92EA0E846}.Debug|x86.ActiveCfg = Debug|Any CPU
		{55E20894-3AC5-42A5-907A-E7A92EA0E846}.Debug|x86.Build.0 = Debug|Any CPU
		{55E20894-3AC5-42A5-907A-E7A92EA0E846}.Debug|x86.Deploy.0 = Debug|Any CPU
		{55E20894-3AC5-42A5-907A-E7A92EA0E846}.Release|Any CPU.ActiveCfg = Release|Any CPU
		{55E20894-3AC5-42A5-907A-E7A92EA0E846}.Release|Any CPU.Build.0 = Release|Any CPU
		{55E20894-3AC5-42A5-907A-E7A92EA0E846}.Release|Any CPU.Deploy.0 = Release|Any CPU
		{55E20894-3AC5-42A5-907A-E7A92EA0E846}.Release|ARM.ActiveCfg = Release|Any CPU
		{55E20894-3AC5-42A5-907A-E7A92EA0E846}.Release|ARM.Build.0 = Release|Any CPU
		{55E20894-3AC5-42A5-907A-E7A92EA0E846}.Release|ARM.Deploy.0 = Release|Any CPU
		{55E20894-3AC5-42A5-907A-E7A92EA0E846}.Release|iPhone.ActiveCfg = Release|Any CPU
		{55E20894-3AC5-42A5-907A-E7A92EA0E846}.Release|iPhone.Build.0 = Release|Any CPU
		{55E20894-3AC5-42A5-907A-E7A92EA0E846}.Release|iPhone.Deploy.0 = Release|Any CPU
		{55E20894-3AC5-42A5-907A-E7A92EA0E846}.Release|iPhoneSimulator.ActiveCfg = Release|Any CPU
		{55E20894-3AC5-42A5-907A-E7A92EA0E846}.Release|iPhoneSimulator.Build.0 = Release|Any CPU
		{55E20894-3AC5-42A5-907A-E7A92EA0E846}.Release|iPhoneSimulator.Deploy.0 = Release|Any CPU
		{55E20894-3AC5-42A5-907A-E7A92EA0E846}.Release|x64.ActiveCfg = Release|Any CPU
		{55E20894-3AC5-42A5-907A-E7A92EA0E846}.Release|x64.Build.0 = Release|Any CPU
		{55E20894-3AC5-42A5-907A-E7A92EA0E846}.Release|x64.Deploy.0 = Release|Any CPU
		{55E20894-3AC5-42A5-907A-E7A92EA0E846}.Release|x86.ActiveCfg = Release|Any CPU
		{55E20894-3AC5-42A5-907A-E7A92EA0E846}.Release|x86.Build.0 = Release|Any CPU
		{55E20894-3AC5-42A5-907A-E7A92EA0E846}.Release|x86.Deploy.0 = Release|Any CPU
		{6D31E21E-B7BF-490C-ADDF-F76C5AC47DDA}.Ad-Hoc|Any CPU.ActiveCfg = Ad-Hoc|iPhone
		{6D31E21E-B7BF-490C-ADDF-F76C5AC47DDA}.Ad-Hoc|ARM.ActiveCfg = Ad-Hoc|iPhone
		{6D31E21E-B7BF-490C-ADDF-F76C5AC47DDA}.Ad-Hoc|iPhone.ActiveCfg = Ad-Hoc|iPhone
		{6D31E21E-B7BF-490C-ADDF-F76C5AC47DDA}.Ad-Hoc|iPhone.Build.0 = Ad-Hoc|iPhone
		{6D31E21E-B7BF-490C-ADDF-F76C5AC47DDA}.Ad-Hoc|iPhoneSimulator.ActiveCfg = Ad-Hoc|iPhoneSimulator
		{6D31E21E-B7BF-490C-ADDF-F76C5AC47DDA}.Ad-Hoc|iPhoneSimulator.Build.0 = Ad-Hoc|iPhoneSimulator
		{6D31E21E-B7BF-490C-ADDF-F76C5AC47DDA}.Ad-Hoc|x64.ActiveCfg = Ad-Hoc|iPhone
		{6D31E21E-B7BF-490C-ADDF-F76C5AC47DDA}.Ad-Hoc|x86.ActiveCfg = Ad-Hoc|iPhone
		{6D31E21E-B7BF-490C-ADDF-F76C5AC47DDA}.AppStore|Any CPU.ActiveCfg = AppStore|iPhone
		{6D31E21E-B7BF-490C-ADDF-F76C5AC47DDA}.AppStore|ARM.ActiveCfg = AppStore|iPhone
		{6D31E21E-B7BF-490C-ADDF-F76C5AC47DDA}.AppStore|iPhone.ActiveCfg = AppStore|iPhone
		{6D31E21E-B7BF-490C-ADDF-F76C5AC47DDA}.AppStore|iPhone.Build.0 = AppStore|iPhone
		{6D31E21E-B7BF-490C-ADDF-F76C5AC47DDA}.AppStore|iPhoneSimulator.ActiveCfg = AppStore|iPhoneSimulator
		{6D31E21E-B7BF-490C-ADDF-F76C5AC47DDA}.AppStore|iPhoneSimulator.Build.0 = AppStore|iPhoneSimulator
		{6D31E21E-B7BF-490C-ADDF-F76C5AC47DDA}.AppStore|x64.ActiveCfg = AppStore|iPhone
		{6D31E21E-B7BF-490C-ADDF-F76C5AC47DDA}.AppStore|x86.ActiveCfg = AppStore|iPhone
		{6D31E21E-B7BF-490C-ADDF-F76C5AC47DDA}.Debug|Any CPU.ActiveCfg = Debug|iPhone
		{6D31E21E-B7BF-490C-ADDF-F76C5AC47DDA}.Debug|Any CPU.Build.0 = Debug|iPhone
		{6D31E21E-B7BF-490C-ADDF-F76C5AC47DDA}.Debug|ARM.ActiveCfg = Debug|iPhone
		{6D31E21E-B7BF-490C-ADDF-F76C5AC47DDA}.Debug|iPhone.ActiveCfg = Debug|iPhone
		{6D31E21E-B7BF-490C-ADDF-F76C5AC47DDA}.Debug|iPhone.Build.0 = Debug|iPhone
		{6D31E21E-B7BF-490C-ADDF-F76C5AC47DDA}.Debug|iPhoneSimulator.ActiveCfg = Debug|iPhoneSimulator
		{6D31E21E-B7BF-490C-ADDF-F76C5AC47DDA}.Debug|iPhoneSimulator.Build.0 = Debug|iPhoneSimulator
		{6D31E21E-B7BF-490C-ADDF-F76C5AC47DDA}.Debug|x64.ActiveCfg = Debug|iPhone
		{6D31E21E-B7BF-490C-ADDF-F76C5AC47DDA}.Debug|x86.ActiveCfg = Debug|iPhone
		{6D31E21E-B7BF-490C-ADDF-F76C5AC47DDA}.Release|Any CPU.ActiveCfg = Release|iPhone
		{6D31E21E-B7BF-490C-ADDF-F76C5AC47DDA}.Release|ARM.ActiveCfg = Release|iPhone
		{6D31E21E-B7BF-490C-ADDF-F76C5AC47DDA}.Release|iPhone.ActiveCfg = Release|iPhone
		{6D31E21E-B7BF-490C-ADDF-F76C5AC47DDA}.Release|iPhone.Build.0 = Release|iPhone
		{6D31E21E-B7BF-490C-ADDF-F76C5AC47DDA}.Release|iPhoneSimulator.ActiveCfg = Release|iPhoneSimulator
		{6D31E21E-B7BF-490C-ADDF-F76C5AC47DDA}.Release|iPhoneSimulator.Build.0 = Release|iPhoneSimulator
		{6D31E21E-B7BF-490C-ADDF-F76C5AC47DDA}.Release|x64.ActiveCfg = Release|iPhone
		{6D31E21E-B7BF-490C-ADDF-F76C5AC47DDA}.Release|x86.ActiveCfg = Release|iPhone
		{616D8667-3C95-43EE-BDC2-0C897E4D9589}.Ad-Hoc|Any CPU.ActiveCfg = Release|Any CPU
		{616D8667-3C95-43EE-BDC2-0C897E4D9589}.Ad-Hoc|Any CPU.Build.0 = Release|Any CPU
		{616D8667-3C95-43EE-BDC2-0C897E4D9589}.Ad-Hoc|Any CPU.Deploy.0 = Release|Any CPU
		{616D8667-3C95-43EE-BDC2-0C897E4D9589}.Ad-Hoc|ARM.ActiveCfg = Release|ARM
		{616D8667-3C95-43EE-BDC2-0C897E4D9589}.Ad-Hoc|ARM.Build.0 = Release|ARM
		{616D8667-3C95-43EE-BDC2-0C897E4D9589}.Ad-Hoc|ARM.Deploy.0 = Release|ARM
		{616D8667-3C95-43EE-BDC2-0C897E4D9589}.Ad-Hoc|iPhone.ActiveCfg = Release|Any CPU
		{616D8667-3C95-43EE-BDC2-0C897E4D9589}.Ad-Hoc|iPhone.Build.0 = Release|Any CPU
		{616D8667-3C95-43EE-BDC2-0C897E4D9589}.Ad-Hoc|iPhone.Deploy.0 = Release|Any CPU
		{616D8667-3C95-43EE-BDC2-0C897E4D9589}.Ad-Hoc|iPhoneSimulator.ActiveCfg = Release|Any CPU
		{616D8667-3C95-43EE-BDC2-0C897E4D9589}.Ad-Hoc|iPhoneSimulator.Build.0 = Release|Any CPU
		{616D8667-3C95-43EE-BDC2-0C897E4D9589}.Ad-Hoc|iPhoneSimulator.Deploy.0 = Release|Any CPU
		{616D8667-3C95-43EE-BDC2-0C897E4D9589}.Ad-Hoc|x64.ActiveCfg = Release|Any CPU
		{616D8667-3C95-43EE-BDC2-0C897E4D9589}.Ad-Hoc|x64.Build.0 = Release|Any CPU
		{616D8667-3C95-43EE-BDC2-0C897E4D9589}.Ad-Hoc|x64.Deploy.0 = Release|Any CPU
		{616D8667-3C95-43EE-BDC2-0C897E4D9589}.Ad-Hoc|x86.ActiveCfg = Release|x86
		{616D8667-3C95-43EE-BDC2-0C897E4D9589}.Ad-Hoc|x86.Build.0 = Release|x86
		{616D8667-3C95-43EE-BDC2-0C897E4D9589}.Ad-Hoc|x86.Deploy.0 = Release|x86
		{616D8667-3C95-43EE-BDC2-0C897E4D9589}.AppStore|Any CPU.ActiveCfg = Release|Any CPU
		{616D8667-3C95-43EE-BDC2-0C897E4D9589}.AppStore|Any CPU.Build.0 = Release|Any CPU
		{616D8667-3C95-43EE-BDC2-0C897E4D9589}.AppStore|Any CPU.Deploy.0 = Release|Any CPU
		{616D8667-3C95-43EE-BDC2-0C897E4D9589}.AppStore|ARM.ActiveCfg = Release|ARM
		{616D8667-3C95-43EE-BDC2-0C897E4D9589}.AppStore|ARM.Build.0 = Release|ARM
		{616D8667-3C95-43EE-BDC2-0C897E4D9589}.AppStore|ARM.Deploy.0 = Release|ARM
		{616D8667-3C95-43EE-BDC2-0C897E4D9589}.AppStore|iPhone.ActiveCfg = Release|Any CPU
		{616D8667-3C95-43EE-BDC2-0C897E4D9589}.AppStore|iPhone.Build.0 = Release|Any CPU
		{616D8667-3C95-43EE-BDC2-0C897E4D9589}.AppStore|iPhone.Deploy.0 = Release|Any CPU
		{616D8667-3C95-43EE-BDC2-0C897E4D9589}.AppStore|iPhoneSimulator.ActiveCfg = Release|Any CPU
		{616D8667-3C95-43EE-BDC2-0C897E4D9589}.AppStore|iPhoneSimulator.Build.0 = Release|Any CPU
		{616D8667-3C95-43EE-BDC2-0C897E4D9589}.AppStore|iPhoneSimulator.Deploy.0 = Release|Any CPU
		{616D8667-3C95-43EE-BDC2-0C897E4D9589}.AppStore|x64.ActiveCfg = Release|Any CPU
		{616D8667-3C95-43EE-BDC2-0C897E4D9589}.AppStore|x64.Build.0 = Release|Any CPU
		{616D8667-3C95-43EE-BDC2-0C897E4D9589}.AppStore|x64.Deploy.0 = Release|Any CPU
		{616D8667-3C95-43EE-BDC2-0C897E4D9589}.AppStore|x86.ActiveCfg = Release|x86
		{616D8667-3C95-43EE-BDC2-0C897E4D9589}.AppStore|x86.Build.0 = Release|x86
		{616D8667-3C95-43EE-BDC2-0C897E4D9589}.AppStore|x86.Deploy.0 = Release|x86
		{616D8667-3C95-43EE-BDC2-0C897E4D9589}.Debug|Any CPU.ActiveCfg = Debug|Any CPU
		{616D8667-3C95-43EE-BDC2-0C897E4D9589}.Debug|Any CPU.Build.0 = Debug|Any CPU
		{616D8667-3C95-43EE-BDC2-0C897E4D9589}.Debug|Any CPU.Deploy.0 = Debug|Any CPU
		{616D8667-3C95-43EE-BDC2-0C897E4D9589}.Debug|ARM.ActiveCfg = Debug|ARM
		{616D8667-3C95-43EE-BDC2-0C897E4D9589}.Debug|ARM.Build.0 = Debug|ARM
		{616D8667-3C95-43EE-BDC2-0C897E4D9589}.Debug|ARM.Deploy.0 = Debug|ARM
		{616D8667-3C95-43EE-BDC2-0C897E4D9589}.Debug|iPhone.ActiveCfg = Debug|Any CPU
		{616D8667-3C95-43EE-BDC2-0C897E4D9589}.Debug|iPhone.Build.0 = Debug|Any CPU
		{616D8667-3C95-43EE-BDC2-0C897E4D9589}.Debug|iPhone.Deploy.0 = Debug|Any CPU
		{616D8667-3C95-43EE-BDC2-0C897E4D9589}.Debug|iPhoneSimulator.ActiveCfg = Debug|Any CPU
		{616D8667-3C95-43EE-BDC2-0C897E4D9589}.Debug|iPhoneSimulator.Build.0 = Debug|Any CPU
		{616D8667-3C95-43EE-BDC2-0C897E4D9589}.Debug|iPhoneSimulator.Deploy.0 = Debug|Any CPU
		{616D8667-3C95-43EE-BDC2-0C897E4D9589}.Debug|x64.ActiveCfg = Debug|Any CPU
		{616D8667-3C95-43EE-BDC2-0C897E4D9589}.Debug|x64.Build.0 = Debug|Any CPU
		{616D8667-3C95-43EE-BDC2-0C897E4D9589}.Debug|x64.Deploy.0 = Debug|Any CPU
		{616D8667-3C95-43EE-BDC2-0C897E4D9589}.Debug|x86.ActiveCfg = Debug|x86
		{616D8667-3C95-43EE-BDC2-0C897E4D9589}.Debug|x86.Build.0 = Debug|x86
		{616D8667-3C95-43EE-BDC2-0C897E4D9589}.Debug|x86.Deploy.0 = Debug|x86
		{616D8667-3C95-43EE-BDC2-0C897E4D9589}.Release|Any CPU.ActiveCfg = Release|Any CPU
		{616D8667-3C95-43EE-BDC2-0C897E4D9589}.Release|Any CPU.Build.0 = Release|Any CPU
		{616D8667-3C95-43EE-BDC2-0C897E4D9589}.Release|Any CPU.Deploy.0 = Release|Any CPU
		{616D8667-3C95-43EE-BDC2-0C897E4D9589}.Release|ARM.ActiveCfg = Release|ARM
		{616D8667-3C95-43EE-BDC2-0C897E4D9589}.Release|ARM.Build.0 = Release|ARM
		{616D8667-3C95-43EE-BDC2-0C897E4D9589}.Release|ARM.Deploy.0 = Release|ARM
		{616D8667-3C95-43EE-BDC2-0C897E4D9589}.Release|iPhone.ActiveCfg = Release|Any CPU
		{616D8667-3C95-43EE-BDC2-0C897E4D9589}.Release|iPhone.Build.0 = Release|Any CPU
		{616D8667-3C95-43EE-BDC2-0C897E4D9589}.Release|iPhone.Deploy.0 = Release|Any CPU
		{616D8667-3C95-43EE-BDC2-0C897E4D9589}.Release|iPhoneSimulator.ActiveCfg = Release|Any CPU
		{616D8667-3C95-43EE-BDC2-0C897E4D9589}.Release|iPhoneSimulator.Build.0 = Release|Any CPU
		{616D8667-3C95-43EE-BDC2-0C897E4D9589}.Release|iPhoneSimulator.Deploy.0 = Release|Any CPU
		{616D8667-3C95-43EE-BDC2-0C897E4D9589}.Release|x64.ActiveCfg = Release|Any CPU
		{616D8667-3C95-43EE-BDC2-0C897E4D9589}.Release|x64.Build.0 = Release|Any CPU
		{616D8667-3C95-43EE-BDC2-0C897E4D9589}.Release|x64.Deploy.0 = Release|Any CPU
		{616D8667-3C95-43EE-BDC2-0C897E4D9589}.Release|x86.ActiveCfg = Release|x86
		{616D8667-3C95-43EE-BDC2-0C897E4D9589}.Release|x86.Build.0 = Release|x86
		{616D8667-3C95-43EE-BDC2-0C897E4D9589}.Release|x86.Deploy.0 = Release|x86
		{9D3725F9-3B8C-4F94-83C7-81F378AE9BDA}.Ad-Hoc|Any CPU.ActiveCfg = Release|x86
		{9D3725F9-3B8C-4F94-83C7-81F378AE9BDA}.Ad-Hoc|Any CPU.Build.0 = Release|x86
		{9D3725F9-3B8C-4F94-83C7-81F378AE9BDA}.Ad-Hoc|Any CPU.Deploy.0 = Release|x86
		{9D3725F9-3B8C-4F94-83C7-81F378AE9BDA}.Ad-Hoc|ARM.ActiveCfg = Release|ARM
		{9D3725F9-3B8C-4F94-83C7-81F378AE9BDA}.Ad-Hoc|ARM.Build.0 = Release|ARM
		{9D3725F9-3B8C-4F94-83C7-81F378AE9BDA}.Ad-Hoc|ARM.Deploy.0 = Release|ARM
		{9D3725F9-3B8C-4F94-83C7-81F378AE9BDA}.Ad-Hoc|iPhone.ActiveCfg = Release|x86
		{9D3725F9-3B8C-4F94-83C7-81F378AE9BDA}.Ad-Hoc|iPhone.Build.0 = Release|x86
		{9D3725F9-3B8C-4F94-83C7-81F378AE9BDA}.Ad-Hoc|iPhone.Deploy.0 = Release|x86
		{9D3725F9-3B8C-4F94-83C7-81F378AE9BDA}.Ad-Hoc|iPhoneSimulator.ActiveCfg = Release|x86
		{9D3725F9-3B8C-4F94-83C7-81F378AE9BDA}.Ad-Hoc|iPhoneSimulator.Build.0 = Release|x86
		{9D3725F9-3B8C-4F94-83C7-81F378AE9BDA}.Ad-Hoc|iPhoneSimulator.Deploy.0 = Release|x86
		{9D3725F9-3B8C-4F94-83C7-81F378AE9BDA}.Ad-Hoc|x64.ActiveCfg = Release|x64
		{9D3725F9-3B8C-4F94-83C7-81F378AE9BDA}.Ad-Hoc|x64.Build.0 = Release|x64
		{9D3725F9-3B8C-4F94-83C7-81F378AE9BDA}.Ad-Hoc|x64.Deploy.0 = Release|x64
		{9D3725F9-3B8C-4F94-83C7-81F378AE9BDA}.Ad-Hoc|x86.ActiveCfg = Release|x86
		{9D3725F9-3B8C-4F94-83C7-81F378AE9BDA}.Ad-Hoc|x86.Build.0 = Release|x86
		{9D3725F9-3B8C-4F94-83C7-81F378AE9BDA}.Ad-Hoc|x86.Deploy.0 = Release|x86
		{9D3725F9-3B8C-4F94-83C7-81F378AE9BDA}.AppStore|Any CPU.ActiveCfg = Release|x86
		{9D3725F9-3B8C-4F94-83C7-81F378AE9BDA}.AppStore|Any CPU.Build.0 = Release|x86
		{9D3725F9-3B8C-4F94-83C7-81F378AE9BDA}.AppStore|Any CPU.Deploy.0 = Release|x86
		{9D3725F9-3B8C-4F94-83C7-81F378AE9BDA}.AppStore|ARM.ActiveCfg = Release|ARM
		{9D3725F9-3B8C-4F94-83C7-81F378AE9BDA}.AppStore|ARM.Build.0 = Release|ARM
		{9D3725F9-3B8C-4F94-83C7-81F378AE9BDA}.AppStore|ARM.Deploy.0 = Release|ARM
		{9D3725F9-3B8C-4F94-83C7-81F378AE9BDA}.AppStore|iPhone.ActiveCfg = Release|x86
		{9D3725F9-3B8C-4F94-83C7-81F378AE9BDA}.AppStore|iPhone.Build.0 = Release|x86
		{9D3725F9-3B8C-4F94-83C7-81F378AE9BDA}.AppStore|iPhone.Deploy.0 = Release|x86
		{9D3725F9-3B8C-4F94-83C7-81F378AE9BDA}.AppStore|iPhoneSimulator.ActiveCfg = Release|x86
		{9D3725F9-3B8C-4F94-83C7-81F378AE9BDA}.AppStore|iPhoneSimulator.Build.0 = Release|x86
		{9D3725F9-3B8C-4F94-83C7-81F378AE9BDA}.AppStore|iPhoneSimulator.Deploy.0 = Release|x86
		{9D3725F9-3B8C-4F94-83C7-81F378AE9BDA}.AppStore|x64.ActiveCfg = Release|x64
		{9D3725F9-3B8C-4F94-83C7-81F378AE9BDA}.AppStore|x64.Build.0 = Release|x64
		{9D3725F9-3B8C-4F94-83C7-81F378AE9BDA}.AppStore|x64.Deploy.0 = Release|x64
		{9D3725F9-3B8C-4F94-83C7-81F378AE9BDA}.AppStore|x86.ActiveCfg = Release|x86
		{9D3725F9-3B8C-4F94-83C7-81F378AE9BDA}.AppStore|x86.Build.0 = Release|x86
		{9D3725F9-3B8C-4F94-83C7-81F378AE9BDA}.AppStore|x86.Deploy.0 = Release|x86
		{9D3725F9-3B8C-4F94-83C7-81F378AE9BDA}.Debug|Any CPU.ActiveCfg = Debug|ARM
		{9D3725F9-3B8C-4F94-83C7-81F378AE9BDA}.Debug|Any CPU.Build.0 = Debug|ARM
		{9D3725F9-3B8C-4F94-83C7-81F378AE9BDA}.Debug|Any CPU.Deploy.0 = Debug|ARM
		{9D3725F9-3B8C-4F94-83C7-81F378AE9BDA}.Debug|ARM.ActiveCfg = Debug|ARM
		{9D3725F9-3B8C-4F94-83C7-81F378AE9BDA}.Debug|ARM.Build.0 = Debug|ARM
		{9D3725F9-3B8C-4F94-83C7-81F378AE9BDA}.Debug|ARM.Deploy.0 = Debug|ARM
		{9D3725F9-3B8C-4F94-83C7-81F378AE9BDA}.Debug|iPhone.ActiveCfg = Debug|x86
		{9D3725F9-3B8C-4F94-83C7-81F378AE9BDA}.Debug|iPhoneSimulator.ActiveCfg = Debug|x86
		{9D3725F9-3B8C-4F94-83C7-81F378AE9BDA}.Debug|x64.ActiveCfg = Debug|x64
		{9D3725F9-3B8C-4F94-83C7-81F378AE9BDA}.Debug|x64.Build.0 = Debug|x64
		{9D3725F9-3B8C-4F94-83C7-81F378AE9BDA}.Debug|x64.Deploy.0 = Debug|x64
		{9D3725F9-3B8C-4F94-83C7-81F378AE9BDA}.Debug|x86.ActiveCfg = Debug|x86
		{9D3725F9-3B8C-4F94-83C7-81F378AE9BDA}.Debug|x86.Build.0 = Debug|x86
		{9D3725F9-3B8C-4F94-83C7-81F378AE9BDA}.Debug|x86.Deploy.0 = Debug|x86
		{9D3725F9-3B8C-4F94-83C7-81F378AE9BDA}.Release|Any CPU.ActiveCfg = Release|x86
		{9D3725F9-3B8C-4F94-83C7-81F378AE9BDA}.Release|ARM.ActiveCfg = Release|ARM
		{9D3725F9-3B8C-4F94-83C7-81F378AE9BDA}.Release|ARM.Build.0 = Release|ARM
		{9D3725F9-3B8C-4F94-83C7-81F378AE9BDA}.Release|ARM.Deploy.0 = Release|ARM
		{9D3725F9-3B8C-4F94-83C7-81F378AE9BDA}.Release|iPhone.ActiveCfg = Release|x86
		{9D3725F9-3B8C-4F94-83C7-81F378AE9BDA}.Release|iPhoneSimulator.ActiveCfg = Release|x86
		{9D3725F9-3B8C-4F94-83C7-81F378AE9BDA}.Release|x64.ActiveCfg = Release|x64
		{9D3725F9-3B8C-4F94-83C7-81F378AE9BDA}.Release|x64.Build.0 = Release|x64
		{9D3725F9-3B8C-4F94-83C7-81F378AE9BDA}.Release|x64.Deploy.0 = Release|x64
		{9D3725F9-3B8C-4F94-83C7-81F378AE9BDA}.Release|x86.ActiveCfg = Release|x86
		{9D3725F9-3B8C-4F94-83C7-81F378AE9BDA}.Release|x86.Build.0 = Release|x86
		{9D3725F9-3B8C-4F94-83C7-81F378AE9BDA}.Release|x86.Deploy.0 = Release|x86
		{E30CB0ED-850D-47B7-8A04-EED8E17E001E}.Ad-Hoc|Any CPU.ActiveCfg = Release|Any CPU
		{E30CB0ED-850D-47B7-8A04-EED8E17E001E}.Ad-Hoc|Any CPU.Build.0 = Release|Any CPU
		{E30CB0ED-850D-47B7-8A04-EED8E17E001E}.Ad-Hoc|Any CPU.Deploy.0 = Release|Any CPU
		{E30CB0ED-850D-47B7-8A04-EED8E17E001E}.Ad-Hoc|ARM.ActiveCfg = Release|ARM
		{E30CB0ED-850D-47B7-8A04-EED8E17E001E}.Ad-Hoc|ARM.Build.0 = Release|ARM
		{E30CB0ED-850D-47B7-8A04-EED8E17E001E}.Ad-Hoc|ARM.Deploy.0 = Release|ARM
		{E30CB0ED-850D-47B7-8A04-EED8E17E001E}.Ad-Hoc|iPhone.ActiveCfg = Release|Any CPU
		{E30CB0ED-850D-47B7-8A04-EED8E17E001E}.Ad-Hoc|iPhone.Build.0 = Release|Any CPU
		{E30CB0ED-850D-47B7-8A04-EED8E17E001E}.Ad-Hoc|iPhone.Deploy.0 = Release|Any CPU
		{E30CB0ED-850D-47B7-8A04-EED8E17E001E}.Ad-Hoc|iPhoneSimulator.ActiveCfg = Release|Any CPU
		{E30CB0ED-850D-47B7-8A04-EED8E17E001E}.Ad-Hoc|iPhoneSimulator.Build.0 = Release|Any CPU
		{E30CB0ED-850D-47B7-8A04-EED8E17E001E}.Ad-Hoc|iPhoneSimulator.Deploy.0 = Release|Any CPU
		{E30CB0ED-850D-47B7-8A04-EED8E17E001E}.Ad-Hoc|x64.ActiveCfg = Release|x64
		{E30CB0ED-850D-47B7-8A04-EED8E17E001E}.Ad-Hoc|x64.Build.0 = Release|x64
		{E30CB0ED-850D-47B7-8A04-EED8E17E001E}.Ad-Hoc|x64.Deploy.0 = Release|x64
		{E30CB0ED-850D-47B7-8A04-EED8E17E001E}.Ad-Hoc|x86.ActiveCfg = Release|x86
		{E30CB0ED-850D-47B7-8A04-EED8E17E001E}.Ad-Hoc|x86.Build.0 = Release|x86
		{E30CB0ED-850D-47B7-8A04-EED8E17E001E}.Ad-Hoc|x86.Deploy.0 = Release|x86
		{E30CB0ED-850D-47B7-8A04-EED8E17E001E}.AppStore|Any CPU.ActiveCfg = Release|Any CPU
		{E30CB0ED-850D-47B7-8A04-EED8E17E001E}.AppStore|Any CPU.Build.0 = Release|Any CPU
		{E30CB0ED-850D-47B7-8A04-EED8E17E001E}.AppStore|Any CPU.Deploy.0 = Release|Any CPU
		{E30CB0ED-850D-47B7-8A04-EED8E17E001E}.AppStore|ARM.ActiveCfg = Release|ARM
		{E30CB0ED-850D-47B7-8A04-EED8E17E001E}.AppStore|ARM.Build.0 = Release|ARM
		{E30CB0ED-850D-47B7-8A04-EED8E17E001E}.AppStore|ARM.Deploy.0 = Release|ARM
		{E30CB0ED-850D-47B7-8A04-EED8E17E001E}.AppStore|iPhone.ActiveCfg = Release|Any CPU
		{E30CB0ED-850D-47B7-8A04-EED8E17E001E}.AppStore|iPhone.Build.0 = Release|Any CPU
		{E30CB0ED-850D-47B7-8A04-EED8E17E001E}.AppStore|iPhone.Deploy.0 = Release|Any CPU
		{E30CB0ED-850D-47B7-8A04-EED8E17E001E}.AppStore|iPhoneSimulator.ActiveCfg = Release|Any CPU
		{E30CB0ED-850D-47B7-8A04-EED8E17E001E}.AppStore|iPhoneSimulator.Build.0 = Release|Any CPU
		{E30CB0ED-850D-47B7-8A04-EED8E17E001E}.AppStore|iPhoneSimulator.Deploy.0 = Release|Any CPU
		{E30CB0ED-850D-47B7-8A04-EED8E17E001E}.AppStore|x64.ActiveCfg = Release|x64
		{E30CB0ED-850D-47B7-8A04-EED8E17E001E}.AppStore|x64.Build.0 = Release|x64
		{E30CB0ED-850D-47B7-8A04-EED8E17E001E}.AppStore|x64.Deploy.0 = Release|x64
		{E30CB0ED-850D-47B7-8A04-EED8E17E001E}.AppStore|x86.ActiveCfg = Release|x86
		{E30CB0ED-850D-47B7-8A04-EED8E17E001E}.AppStore|x86.Build.0 = Release|x86
		{E30CB0ED-850D-47B7-8A04-EED8E17E001E}.AppStore|x86.Deploy.0 = Release|x86
		{E30CB0ED-850D-47B7-8A04-EED8E17E001E}.Debug|Any CPU.ActiveCfg = Debug|Any CPU
		{E30CB0ED-850D-47B7-8A04-EED8E17E001E}.Debug|Any CPU.Build.0 = Debug|Any CPU
		{E30CB0ED-850D-47B7-8A04-EED8E17E001E}.Debug|Any CPU.Deploy.0 = Debug|Any CPU
		{E30CB0ED-850D-47B7-8A04-EED8E17E001E}.Debug|ARM.ActiveCfg = Debug|ARM
		{E30CB0ED-850D-47B7-8A04-EED8E17E001E}.Debug|ARM.Build.0 = Debug|ARM
		{E30CB0ED-850D-47B7-8A04-EED8E17E001E}.Debug|ARM.Deploy.0 = Debug|ARM
		{E30CB0ED-850D-47B7-8A04-EED8E17E001E}.Debug|iPhone.ActiveCfg = Debug|Any CPU
		{E30CB0ED-850D-47B7-8A04-EED8E17E001E}.Debug|iPhone.Build.0 = Debug|Any CPU
		{E30CB0ED-850D-47B7-8A04-EED8E17E001E}.Debug|iPhone.Deploy.0 = Debug|Any CPU
		{E30CB0ED-850D-47B7-8A04-EED8E17E001E}.Debug|iPhoneSimulator.ActiveCfg = Debug|Any CPU
		{E30CB0ED-850D-47B7-8A04-EED8E17E001E}.Debug|iPhoneSimulator.Build.0 = Debug|Any CPU
		{E30CB0ED-850D-47B7-8A04-EED8E17E001E}.Debug|iPhoneSimulator.Deploy.0 = Debug|Any CPU
		{E30CB0ED-850D-47B7-8A04-EED8E17E001E}.Debug|x64.ActiveCfg = Debug|x64
		{E30CB0ED-850D-47B7-8A04-EED8E17E001E}.Debug|x64.Build.0 = Debug|x64
		{E30CB0ED-850D-47B7-8A04-EED8E17E001E}.Debug|x64.Deploy.0 = Debug|x64
		{E30CB0ED-850D-47B7-8A04-EED8E17E001E}.Debug|x86.ActiveCfg = Debug|x86
		{E30CB0ED-850D-47B7-8A04-EED8E17E001E}.Debug|x86.Build.0 = Debug|x86
		{E30CB0ED-850D-47B7-8A04-EED8E17E001E}.Debug|x86.Deploy.0 = Debug|x86
		{E30CB0ED-850D-47B7-8A04-EED8E17E001E}.Release|Any CPU.ActiveCfg = Release|Any CPU
		{E30CB0ED-850D-47B7-8A04-EED8E17E001E}.Release|Any CPU.Build.0 = Release|Any CPU
		{E30CB0ED-850D-47B7-8A04-EED8E17E001E}.Release|Any CPU.Deploy.0 = Release|Any CPU
		{E30CB0ED-850D-47B7-8A04-EED8E17E001E}.Release|ARM.ActiveCfg = Release|ARM
		{E30CB0ED-850D-47B7-8A04-EED8E17E001E}.Release|ARM.Build.0 = Release|ARM
		{E30CB0ED-850D-47B7-8A04-EED8E17E001E}.Release|ARM.Deploy.0 = Release|ARM
		{E30CB0ED-850D-47B7-8A04-EED8E17E001E}.Release|iPhone.ActiveCfg = Release|Any CPU
		{E30CB0ED-850D-47B7-8A04-EED8E17E001E}.Release|iPhone.Build.0 = Release|Any CPU
		{E30CB0ED-850D-47B7-8A04-EED8E17E001E}.Release|iPhone.Deploy.0 = Release|Any CPU
		{E30CB0ED-850D-47B7-8A04-EED8E17E001E}.Release|iPhoneSimulator.ActiveCfg = Release|Any CPU
		{E30CB0ED-850D-47B7-8A04-EED8E17E001E}.Release|iPhoneSimulator.Build.0 = Release|Any CPU
		{E30CB0ED-850D-47B7-8A04-EED8E17E001E}.Release|iPhoneSimulator.Deploy.0 = Release|Any CPU
		{E30CB0ED-850D-47B7-8A04-EED8E17E001E}.Release|x64.ActiveCfg = Release|x64
		{E30CB0ED-850D-47B7-8A04-EED8E17E001E}.Release|x64.Build.0 = Release|x64
		{E30CB0ED-850D-47B7-8A04-EED8E17E001E}.Release|x64.Deploy.0 = Release|x64
		{E30CB0ED-850D-47B7-8A04-EED8E17E001E}.Release|x86.ActiveCfg = Release|x86
		{E30CB0ED-850D-47B7-8A04-EED8E17E001E}.Release|x86.Build.0 = Release|x86
		{E30CB0ED-850D-47B7-8A04-EED8E17E001E}.Release|x86.Deploy.0 = Release|x86
		{F25428BA-0FF6-4282-9BED-0659AF5C5718}.Ad-Hoc|Any CPU.ActiveCfg = Release|Any CPU
		{F25428BA-0FF6-4282-9BED-0659AF5C5718}.Ad-Hoc|Any CPU.Build.0 = Release|Any CPU
		{F25428BA-0FF6-4282-9BED-0659AF5C5718}.Ad-Hoc|ARM.ActiveCfg = Release|Any CPU
		{F25428BA-0FF6-4282-9BED-0659AF5C5718}.Ad-Hoc|ARM.Build.0 = Release|Any CPU
		{F25428BA-0FF6-4282-9BED-0659AF5C5718}.Ad-Hoc|iPhone.ActiveCfg = Release|Any CPU
		{F25428BA-0FF6-4282-9BED-0659AF5C5718}.Ad-Hoc|iPhone.Build.0 = Release|Any CPU
		{F25428BA-0FF6-4282-9BED-0659AF5C5718}.Ad-Hoc|iPhoneSimulator.ActiveCfg = Release|Any CPU
		{F25428BA-0FF6-4282-9BED-0659AF5C5718}.Ad-Hoc|iPhoneSimulator.Build.0 = Release|Any CPU
		{F25428BA-0FF6-4282-9BED-0659AF5C5718}.Ad-Hoc|x64.ActiveCfg = Release|Any CPU
		{F25428BA-0FF6-4282-9BED-0659AF5C5718}.Ad-Hoc|x64.Build.0 = Release|Any CPU
		{F25428BA-0FF6-4282-9BED-0659AF5C5718}.Ad-Hoc|x86.ActiveCfg = Release|Any CPU
		{F25428BA-0FF6-4282-9BED-0659AF5C5718}.Ad-Hoc|x86.Build.0 = Release|Any CPU
		{F25428BA-0FF6-4282-9BED-0659AF5C5718}.AppStore|Any CPU.ActiveCfg = Release|Any CPU
		{F25428BA-0FF6-4282-9BED-0659AF5C5718}.AppStore|Any CPU.Build.0 = Release|Any CPU
		{F25428BA-0FF6-4282-9BED-0659AF5C5718}.AppStore|ARM.ActiveCfg = Release|Any CPU
		{F25428BA-0FF6-4282-9BED-0659AF5C5718}.AppStore|ARM.Build.0 = Release|Any CPU
		{F25428BA-0FF6-4282-9BED-0659AF5C5718}.AppStore|iPhone.ActiveCfg = Release|Any CPU
		{F25428BA-0FF6-4282-9BED-0659AF5C5718}.AppStore|iPhone.Build.0 = Release|Any CPU
		{F25428BA-0FF6-4282-9BED-0659AF5C5718}.AppStore|iPhoneSimulator.ActiveCfg = Release|Any CPU
		{F25428BA-0FF6-4282-9BED-0659AF5C5718}.AppStore|iPhoneSimulator.Build.0 = Release|Any CPU
		{F25428BA-0FF6-4282-9BED-0659AF5C5718}.AppStore|x64.ActiveCfg = Release|Any CPU
		{F25428BA-0FF6-4282-9BED-0659AF5C5718}.AppStore|x64.Build.0 = Release|Any CPU
		{F25428BA-0FF6-4282-9BED-0659AF5C5718}.AppStore|x86.ActiveCfg = Release|Any CPU
		{F25428BA-0FF6-4282-9BED-0659AF5C5718}.AppStore|x86.Build.0 = Release|Any CPU
		{F25428BA-0FF6-4282-9BED-0659AF5C5718}.Debug|Any CPU.ActiveCfg = Debug|Any CPU
		{F25428BA-0FF6-4282-9BED-0659AF5C5718}.Debug|Any CPU.Build.0 = Debug|Any CPU
		{F25428BA-0FF6-4282-9BED-0659AF5C5718}.Debug|ARM.ActiveCfg = Debug|Any CPU
		{F25428BA-0FF6-4282-9BED-0659AF5C5718}.Debug|ARM.Build.0 = Debug|Any CPU
		{F25428BA-0FF6-4282-9BED-0659AF5C5718}.Debug|iPhone.ActiveCfg = Debug|Any CPU
		{F25428BA-0FF6-4282-9BED-0659AF5C5718}.Debug|iPhone.Build.0 = Debug|Any CPU
		{F25428BA-0FF6-4282-9BED-0659AF5C5718}.Debug|iPhoneSimulator.ActiveCfg = Debug|Any CPU
		{F25428BA-0FF6-4282-9BED-0659AF5C5718}.Debug|iPhoneSimulator.Build.0 = Debug|Any CPU
		{F25428BA-0FF6-4282-9BED-0659AF5C5718}.Debug|x64.ActiveCfg = Debug|Any CPU
		{F25428BA-0FF6-4282-9BED-0659AF5C5718}.Debug|x64.Build.0 = Debug|Any CPU
		{F25428BA-0FF6-4282-9BED-0659AF5C5718}.Debug|x86.ActiveCfg = Debug|Any CPU
		{F25428BA-0FF6-4282-9BED-0659AF5C5718}.Debug|x86.Build.0 = Debug|Any CPU
		{F25428BA-0FF6-4282-9BED-0659AF5C5718}.Release|Any CPU.ActiveCfg = Release|Any CPU
		{F25428BA-0FF6-4282-9BED-0659AF5C5718}.Release|Any CPU.Build.0 = Release|Any CPU
		{F25428BA-0FF6-4282-9BED-0659AF5C5718}.Release|ARM.ActiveCfg = Release|Any CPU
		{F25428BA-0FF6-4282-9BED-0659AF5C5718}.Release|ARM.Build.0 = Release|Any CPU
		{F25428BA-0FF6-4282-9BED-0659AF5C5718}.Release|iPhone.ActiveCfg = Release|Any CPU
		{F25428BA-0FF6-4282-9BED-0659AF5C5718}.Release|iPhone.Build.0 = Release|Any CPU
		{F25428BA-0FF6-4282-9BED-0659AF5C5718}.Release|iPhoneSimulator.ActiveCfg = Release|Any CPU
		{F25428BA-0FF6-4282-9BED-0659AF5C5718}.Release|iPhoneSimulator.Build.0 = Release|Any CPU
		{F25428BA-0FF6-4282-9BED-0659AF5C5718}.Release|x64.ActiveCfg = Release|Any CPU
		{F25428BA-0FF6-4282-9BED-0659AF5C5718}.Release|x64.Build.0 = Release|Any CPU
		{F25428BA-0FF6-4282-9BED-0659AF5C5718}.Release|x86.ActiveCfg = Release|Any CPU
		{F25428BA-0FF6-4282-9BED-0659AF5C5718}.Release|x86.Build.0 = Release|Any CPU
		{67F9D3A8-F71E-4428-913F-C37AE82CDB24}.Ad-Hoc|Any CPU.ActiveCfg = Release|Any CPU
		{67F9D3A8-F71E-4428-913F-C37AE82CDB24}.Ad-Hoc|Any CPU.Build.0 = Release|Any CPU
		{67F9D3A8-F71E-4428-913F-C37AE82CDB24}.Ad-Hoc|ARM.ActiveCfg = Release|Any CPU
		{67F9D3A8-F71E-4428-913F-C37AE82CDB24}.Ad-Hoc|ARM.Build.0 = Release|Any CPU
		{67F9D3A8-F71E-4428-913F-C37AE82CDB24}.Ad-Hoc|iPhone.ActiveCfg = Release|Any CPU
		{67F9D3A8-F71E-4428-913F-C37AE82CDB24}.Ad-Hoc|iPhone.Build.0 = Release|Any CPU
		{67F9D3A8-F71E-4428-913F-C37AE82CDB24}.Ad-Hoc|iPhoneSimulator.ActiveCfg = Release|Any CPU
		{67F9D3A8-F71E-4428-913F-C37AE82CDB24}.Ad-Hoc|iPhoneSimulator.Build.0 = Release|Any CPU
		{67F9D3A8-F71E-4428-913F-C37AE82CDB24}.Ad-Hoc|x64.ActiveCfg = Release|Any CPU
		{67F9D3A8-F71E-4428-913F-C37AE82CDB24}.Ad-Hoc|x64.Build.0 = Release|Any CPU
		{67F9D3A8-F71E-4428-913F-C37AE82CDB24}.Ad-Hoc|x86.ActiveCfg = Release|Any CPU
		{67F9D3A8-F71E-4428-913F-C37AE82CDB24}.Ad-Hoc|x86.Build.0 = Release|Any CPU
		{67F9D3A8-F71E-4428-913F-C37AE82CDB24}.AppStore|Any CPU.ActiveCfg = Release|Any CPU
		{67F9D3A8-F71E-4428-913F-C37AE82CDB24}.AppStore|Any CPU.Build.0 = Release|Any CPU
		{67F9D3A8-F71E-4428-913F-C37AE82CDB24}.AppStore|ARM.ActiveCfg = Release|Any CPU
		{67F9D3A8-F71E-4428-913F-C37AE82CDB24}.AppStore|ARM.Build.0 = Release|Any CPU
		{67F9D3A8-F71E-4428-913F-C37AE82CDB24}.AppStore|iPhone.ActiveCfg = Release|Any CPU
		{67F9D3A8-F71E-4428-913F-C37AE82CDB24}.AppStore|iPhone.Build.0 = Release|Any CPU
		{67F9D3A8-F71E-4428-913F-C37AE82CDB24}.AppStore|iPhoneSimulator.ActiveCfg = Release|Any CPU
		{67F9D3A8-F71E-4428-913F-C37AE82CDB24}.AppStore|iPhoneSimulator.Build.0 = Release|Any CPU
		{67F9D3A8-F71E-4428-913F-C37AE82CDB24}.AppStore|x64.ActiveCfg = Release|Any CPU
		{67F9D3A8-F71E-4428-913F-C37AE82CDB24}.AppStore|x64.Build.0 = Release|Any CPU
		{67F9D3A8-F71E-4428-913F-C37AE82CDB24}.AppStore|x86.ActiveCfg = Release|Any CPU
		{67F9D3A8-F71E-4428-913F-C37AE82CDB24}.AppStore|x86.Build.0 = Release|Any CPU
		{67F9D3A8-F71E-4428-913F-C37AE82CDB24}.Debug|Any CPU.ActiveCfg = Debug|Any CPU
		{67F9D3A8-F71E-4428-913F-C37AE82CDB24}.Debug|Any CPU.Build.0 = Debug|Any CPU
		{67F9D3A8-F71E-4428-913F-C37AE82CDB24}.Debug|ARM.ActiveCfg = Debug|Any CPU
		{67F9D3A8-F71E-4428-913F-C37AE82CDB24}.Debug|ARM.Build.0 = Debug|Any CPU
		{67F9D3A8-F71E-4428-913F-C37AE82CDB24}.Debug|iPhone.ActiveCfg = Debug|Any CPU
		{67F9D3A8-F71E-4428-913F-C37AE82CDB24}.Debug|iPhone.Build.0 = Debug|Any CPU
		{67F9D3A8-F71E-4428-913F-C37AE82CDB24}.Debug|iPhoneSimulator.ActiveCfg = Debug|Any CPU
		{67F9D3A8-F71E-4428-913F-C37AE82CDB24}.Debug|iPhoneSimulator.Build.0 = Debug|Any CPU
		{67F9D3A8-F71E-4428-913F-C37AE82CDB24}.Debug|x64.ActiveCfg = Debug|Any CPU
		{67F9D3A8-F71E-4428-913F-C37AE82CDB24}.Debug|x64.Build.0 = Debug|Any CPU
		{67F9D3A8-F71E-4428-913F-C37AE82CDB24}.Debug|x86.ActiveCfg = Debug|Any CPU
		{67F9D3A8-F71E-4428-913F-C37AE82CDB24}.Debug|x86.Build.0 = Debug|Any CPU
		{67F9D3A8-F71E-4428-913F-C37AE82CDB24}.Release|Any CPU.ActiveCfg = Release|Any CPU
		{67F9D3A8-F71E-4428-913F-C37AE82CDB24}.Release|Any CPU.Build.0 = Release|Any CPU
		{67F9D3A8-F71E-4428-913F-C37AE82CDB24}.Release|ARM.ActiveCfg = Release|Any CPU
		{67F9D3A8-F71E-4428-913F-C37AE82CDB24}.Release|ARM.Build.0 = Release|Any CPU
		{67F9D3A8-F71E-4428-913F-C37AE82CDB24}.Release|iPhone.ActiveCfg = Release|Any CPU
		{67F9D3A8-F71E-4428-913F-C37AE82CDB24}.Release|iPhone.Build.0 = Release|Any CPU
		{67F9D3A8-F71E-4428-913F-C37AE82CDB24}.Release|iPhoneSimulator.ActiveCfg = Release|Any CPU
		{67F9D3A8-F71E-4428-913F-C37AE82CDB24}.Release|iPhoneSimulator.Build.0 = Release|Any CPU
		{67F9D3A8-F71E-4428-913F-C37AE82CDB24}.Release|x64.ActiveCfg = Release|Any CPU
		{67F9D3A8-F71E-4428-913F-C37AE82CDB24}.Release|x64.Build.0 = Release|Any CPU
		{67F9D3A8-F71E-4428-913F-C37AE82CDB24}.Release|x86.ActiveCfg = Release|Any CPU
		{67F9D3A8-F71E-4428-913F-C37AE82CDB24}.Release|x86.Build.0 = Release|Any CPU
	EndGlobalSection
	GlobalSection(SolutionProperties) = preSolution
		HideSolutionNode = FALSE
	EndGlobalSection
EndGlobal
